
Microsoft Visual Studio Solution File, Format Version 12.00
# Visual Studio Version 16
VisualStudioVersion = 16.0.30503.244
MinimumVisualStudioVersion = 10.0.40219.1
Project("{9A19103F-16F7-4668-BE54-9A1E7A4F7556}") = "ConsoleTest", "ConsoleTest.csproj", "{5B8521FD-2923-46D9-9BC6-21487049E24E}"
EndProject
Project("{FAE04EC0-301F-11D3-BF4B-00C04F79EFBC}") = "RegSystemGUI", "..\RegSystemGUI\RegSystemGUI.csproj", "{9BCF1027-EB81-4A03-A7E8-6BD24495A2E9}"
EndProject
Global
	GlobalSection(SolutionConfigurationPlatforms) = preSolution
		Debug|Any CPU = Debug|Any CPU
		Release|Any CPU = Release|Any CPU
	EndGlobalSection
	GlobalSection(ProjectConfigurationPlatforms) = postSolution
		{5B8521FD-2923-46D9-9BC6-21487049E24E}.Debug|Any CPU.ActiveCfg = Debug|Any CPU
		{5B8521FD-2923-46D9-9BC6-21487049E24E}.Debug|Any CPU.Build.0 = Debug|Any CPU
		{5B8521FD-2923-46D9-9BC6-21487049E24E}.Release|Any CPU.ActiveCfg = Release|Any CPU
		{5B8521FD-2923-46D9-9BC6-21487049E24E}.Release|Any CPU.Build.0 = Release|Any CPU
		{9BCF1027-EB81-4A03-A7E8-6BD24495A2E9}.Debug|Any CPU.ActiveCfg = Debug|Any CPU
		{9BCF1027-EB81-4A03-A7E8-6BD24495A2E9}.Debug|Any CPU.Build.0 = Debug|Any CPU
		{9BCF1027-EB81-4A03-A7E8-6BD24495A2E9}.Release|Any CPU.ActiveCfg = Release|Any CPU
		{9BCF1027-EB81-4A03-A7E8-6BD24495A2E9}.Release|Any CPU.Build.0 = Release|Any CPU
	EndGlobalSection
	GlobalSection(SolutionProperties) = preSolution
		HideSolutionNode = FALSE
	EndGlobalSection
	GlobalSection(ExtensibilityGlobals) = postSolution
		SolutionGuid = {8C68A819-8048-4869-9FF6-93B5D3747248}
	EndGlobalSection
EndGlobal
